
Microsoft Visual Studio Solution File, Format Version 12.00
Project("{FAE04EC0-301F-11D3-BF4B-00C04F79EFBC}") = "MailChecker", "MailChecker\MailChecker.csproj", "{CD7E2CB9-EBC5-45C4-A295-7842AD20ED20}"
EndProject
Project("{2150E333-8FDC-42A3-9474-1A3956D46DE8}") = "MailChecker.Tests", "MailChecker.Tests", "{10CD9219-5876-49C6-9CDF-905D344304E5}"
EndProject
Project("{FAE04EC0-301F-11D3-BF4B-00C04F79EFBC}") = "MailChecker.Tests", "MailChecker.Tests\MailChecker.Tests.csproj", "{DAAA21EE-19A3-4DF1-9132-AA8DA1ECECBA}"
EndProject
Global
	GlobalSection(SolutionConfigurationPlatforms) = preSolution
		Debug|Any CPU = Debug|Any CPU
		Release|Any CPU = Release|Any CPU
	EndGlobalSection
	GlobalSection(ProjectConfigurationPlatforms) = postSolution
		{CD7E2CB9-EBC5-45C4-A295-7842AD20ED20}.Debug|Any CPU.ActiveCfg = Debug|Any CPU
		{CD7E2CB9-EBC5-45C4-A295-7842AD20ED20}.Debug|Any CPU.Build.0 = Debug|Any CPU
		{CD7E2CB9-EBC5-45C4-A295-7842AD20ED20}.Release|Any CPU.ActiveCfg = Release|Any CPU
		{CD7E2CB9-EBC5-45C4-A295-7842AD20ED20}.Release|Any CPU.Build.0 = Release|Any CPU
		{DAAA21EE-19A3-4DF1-9132-AA8DA1ECECBA}.Debug|Any CPU.ActiveCfg = Debug|Any CPU
		{DAAA21EE-19A3-4DF1-9132-AA8DA1ECECBA}.Debug|Any CPU.Build.0 = Debug|Any CPU
		{DAAA21EE-19A3-4DF1-9132-AA8DA1ECECBA}.Release|Any CPU.ActiveCfg = Release|Any CPU
		{DAAA21EE-19A3-4DF1-9132-AA8DA1ECECBA}.Release|Any CPU.Build.0 = Release|Any CPU
	EndGlobalSection
	GlobalSection(NestedProjects) = preSolution
		{DAAA21EE-19A3-4DF1-9132-AA8DA1ECECBA} = {10CD9219-5876-49C6-9CDF-905D344304E5}
	EndGlobalSection
EndGlobal
